{
  "nodes": {
    "flakeNimbleLib": {
      "inputs": {
        "nixpkgs": [
          "nixpkgs"
        ]
      },
      "locked": {
        "lastModified": 1662018438,
        "narHash": "sha256-QtNtU6+LX3Wokxf0zlFwKTFOcn6TeDjKQZ+DA9OYtvM=",
        "owner": "riinr",
        "repo": "nim-flakes-lib",
        "rev": "b1fe8340736e3a85d25c709ac3dfd82a55c03cbf",
        "type": "github"
      },
      "original": {
        "owner": "riinr",
        "ref": "master",
        "repo": "nim-flakes-lib",
        "type": "github"
      }
    },
    "libuv-master": {
      "inputs": {
        "flakeNimbleLib": [
          "flakeNimbleLib"
        ],
        "nixpkgs": [
          "nixpkgs"
        ],
        "src-libuv-master": "src-libuv-master"
      },
      "locked": {
        "dir": "master",
        "lastModified": 1662254581,
        "narHash": "sha256-/y5jp4+xYfxDQsTTLEw3CAmGoXW2OF5j/4mLPGUx24M=",
        "owner": "nim-nix-pkgs",
        "repo": "libuv",
        "rev": "fb33219d2373e4e648e182f4d7974998bf37cfb0",
        "type": "github"
      },
      "original": {
        "dir": "master",
        "owner": "nim-nix-pkgs",
        "ref": "master",
        "repo": "libuv",
        "type": "github"
      }
    },
    "nixpkgs": {
      "locked": {
        "lastModified": 1667110639,
        "narHash": "sha256-4FbPESZ5LbqQxkJJJBAfk/zKgF9h/4kyUwjjpJwYlbc=",
        "owner": "NixOS",
        "repo": "nixpkgs",
        "rev": "f38a1f04d1bec1feb61fd101a0539ae2002a7087",
        "type": "github"
      },
      "original": {
        "id": "nixpkgs",
        "type": "indirect"
      }
    },
    "root": {
      "inputs": {
        "flakeNimbleLib": "flakeNimbleLib",
        "libuv-master": "libuv-master",
        "nixpkgs": "nixpkgs"
      }
    },
    "src-libuv-master": {
      "flake": false,
      "locked": {
        "lastModified": 1509253116,
        "narHash": "sha256-vf7tA9pT1bT+AYGeKLp8fAPAhPRmVjfeWdb0n/h5Rbs=",
        "owner": "lcrees",
        "repo": "libuv",
        "rev": "6eac920e66c54484039808cb440af85e574cbc57",
        "type": "github"
      },
      "original": {
        "owner": "lcrees",
        "ref": "refs/heads/master",
        "repo": "libuv",
        "type": "github"
      }
    }
  },
  "root": "root",
  "version": 7
}
