{
  "nodes": {
    "flakeNimbleLib": {
      "inputs": {
        "nixpkgs": [
          "nixpkgs"
        ]
      },
      "locked": {
        "lastModified": 1648105061,
        "narHash": "sha256-Je25qNlH4xrH3+m6vIq6yPvdfQ80FRTwX4JOhrRLduc=",
        "owner": "riinr",
        "repo": "nim-flakes-lib",
        "rev": "f1ec5e2f15b9f717c33b6942ce7cb344ff868522",
        "type": "github"
      },
      "original": {
        "owner": "riinr",
        "ref": "master",
        "repo": "nim-flakes-lib",
        "type": "github"
      }
    },
    "libuv-master": {
      "inputs": {
        "flakeNimbleLib": [
          "flakeNimbleLib"
        ],
        "nixpkgs": [
          "nixpkgs"
        ],
        "src-libuv-master": "src-libuv-master"
      },
      "locked": {
        "dir": "master",
        "lastModified": 1652797176,
        "narHash": "sha256-r5JZmgDD8/ekYbe2CDIbOvJ3cPP+bnXvF3aAUhg0Rz0=",
        "owner": "nim-nix-pkgs",
        "repo": "libuv",
        "rev": "24ba1af36b647d45ab42fa0ce438fb96619da9ec",
        "type": "github"
      },
      "original": {
        "dir": "master",
        "owner": "nim-nix-pkgs",
        "ref": "master",
        "repo": "libuv",
        "type": "github"
      }
    },
    "nixpkgs": {
      "locked": {
        "narHash": "sha256-7sWpWRO0IsBP5jm9qCrpuzDkWC7UAghiCmZZ+1uqHKo=",
        "path": "/nix/store/q2jrkx5a3z6yxzbfai0kxpnqki80jm3l-source",
        "type": "path"
      },
      "original": {
        "id": "nixpkgs",
        "type": "indirect"
      }
    },
    "root": {
      "inputs": {
        "flakeNimbleLib": "flakeNimbleLib",
        "libuv-master": "libuv-master",
        "nixpkgs": "nixpkgs"
      }
    },
    "src-libuv-master": {
      "flake": false,
      "locked": {
        "lastModified": 1509253116,
        "narHash": "sha256-vf7tA9pT1bT+AYGeKLp8fAPAhPRmVjfeWdb0n/h5Rbs=",
        "owner": "lcrees",
        "repo": "libuv",
        "rev": "6eac920e66c54484039808cb440af85e574cbc57",
        "type": "github"
      },
      "original": {
        "owner": "lcrees",
        "ref": "refs/heads/master",
        "repo": "libuv",
        "type": "github"
      }
    }
  },
  "root": "root",
  "version": 7
}
